
Microsoft Visual Studio Solution File, Format Version 12.00
# Visual Studio 15
VisualStudioVersion = 15.0.26730.16
MinimumVisualStudioVersion = 10.0.40219.1
Project("{FAE04EC0-301F-11D3-BF4B-00C04F79EFBC}") = "Probni", "Probni\Probni.csproj", "{F2CFB98B-2945-4BC6-8D82-9B94682C5684}"
EndProject
Project("{2150E333-8FDC-42A3-9474-1A3956D46DE8}") = "Algorithms", "Algorithms", "{28B84351-4DCB-42B3-B86D-9D6AC2E11E8A}"
EndProject
Project("{2150E333-8FDC-42A3-9474-1A3956D46DE8}") = "Warmup", "Warmup", "{F8C21140-AAEB-4B93-863D-50F2A66846DB}"
EndProject
Project("{FAE04EC0-301F-11D3-BF4B-00C04F79EFBC}") = "Solve_Me_First", "Algorithms\Warmup\Solve_Me_First\Solve_Me_First.csproj", "{16950DBC-B532-4B3F-821A-6C846677DECA}"
EndProject
Project("{FAE04EC0-301F-11D3-BF4B-00C04F79EFBC}") = "Simple_Array_Sum", "Algorithms\Warmup\Simple_Array_Sum\Simple_Array_Sum.csproj", "{D81DB435-77EE-4CF6-B04C-E6C5D5E0F5E6}"
EndProject
Project("{FAE04EC0-301F-11D3-BF4B-00C04F79EFBC}") = "Comapre_the_Triplests", "Algorithms\Warmup\Comapre_the_Triplests\Comapre_the_Triplests.csproj", "{76841688-08F9-4AF9-B08A-88C5B9AB99E4}"
EndProject
Project("{FAE04EC0-301F-11D3-BF4B-00C04F79EFBC}") = "A_Very_Big_Sum", "Algorithms\Warmup\A_Very_Big_Sum\A_Very_Big_Sum.csproj", "{8A18D4C0-6C69-4D6E-A268-F944C1801784}"
EndProject
Project("{FAE04EC0-301F-11D3-BF4B-00C04F79EFBC}") = "Diagonal_Difference", "Algorithms\Warmup\Diagonal_Difference\Diagonal_Difference.csproj", "{1C9DB26C-BA74-4A6F-8954-3E7D5324F8D2}"
EndProject
Project("{FAE04EC0-301F-11D3-BF4B-00C04F79EFBC}") = "Plus_Minus", "Algorithms\Warmup\Plus_Minus\Plus_Minus.csproj", "{5560A7BD-8F97-48AC-9A7B-FB7978C9894E}"
EndProject
Project("{FAE04EC0-301F-11D3-BF4B-00C04F79EFBC}") = "Staircase", "Algorithms\Warmup\Staircase\Staircase.csproj", "{9C0BEA42-45A5-496B-AE5D-670120C97931}"
EndProject
Project("{FAE04EC0-301F-11D3-BF4B-00C04F79EFBC}") = "Mini-Max_Sum", "Algorithms\Warmup\Mini-Max_Sum\Mini-Max_Sum.csproj", "{77ACDAA7-A87E-4FAB-B8B1-06803BD27A7E}"
EndProject
Project("{FAE04EC0-301F-11D3-BF4B-00C04F79EFBC}") = "Birthday_Cake_Candles", "Algorithms\Warmup\Birthday_Cake_Candles\Birthday_Cake_Candles.csproj", "{F172A264-1E74-4B1E-8EC6-68472F5A81FB}"
EndProject
Project("{FAE04EC0-301F-11D3-BF4B-00C04F79EFBC}") = "Time_Conversion", "Algorithms\Warmup\Time_Conversion\Time_Conversion.csproj", "{97B0D945-F41B-4EDB-837F-DE68742AD691}"
EndProject
Project("{2150E333-8FDC-42A3-9474-1A3956D46DE8}") = "Implementation", "Implementation", "{06758824-2713-46F7-A3E4-71D9CCDBCD03}"
EndProject
Project("{FAE04EC0-301F-11D3-BF4B-00C04F79EFBC}") = "Grading_Students", "Algorithms\Implementation\Grading_Students\Grading_Students.csproj", "{CC0F0EB6-DCFD-436B-AA9E-7C03AE85563B}"
EndProject
Project("{FAE04EC0-301F-11D3-BF4B-00C04F79EFBC}") = "Apple and Orange", "Algorithms\Implementation\Apple and Orange\Apple and Orange.csproj", "{8FF44038-2028-47D4-AE52-35228BD24388}"
EndProject
Project("{FAE04EC0-301F-11D3-BF4B-00C04F79EFBC}") = "Kangaroo", "Algorithms\Implementation\Kangaroo\Kangaroo.csproj", "{B8B489B4-48D3-4569-8611-C7CFC40CE5FF}"
EndProject
Project("{FAE04EC0-301F-11D3-BF4B-00C04F79EFBC}") = "Between Two Sets", "Algorithms\Implementation\Between Two Sets\Between Two Sets.csproj", "{54A10859-0BA5-4FA1-839A-6FBAEFF04AAC}"
EndProject
Project("{FAE04EC0-301F-11D3-BF4B-00C04F79EFBC}") = "Breaking the Records", "Algorithms\Implementation\Breaking the Records\Breaking the Records.csproj", "{7D92AAD2-F4EA-4333-87C7-1362DE70D2B1}"
EndProject
Project("{FAE04EC0-301F-11D3-BF4B-00C04F79EFBC}") = "Birthday Chocolate", "Algorithms\Implementation\Birthday Chocolate\Birthday Chocolate.csproj", "{CA258646-56FB-4AF0-9D24-015D54D89666}"
EndProject
Project("{FAE04EC0-301F-11D3-BF4B-00C04F79EFBC}") = "Divisible Sum Pairs", "Algorithms\Implementation\Divisible Sum Pairs\Divisible Sum Pairs.csproj", "{7A200275-9781-4A44-A276-747CC2E07BFA}"
EndProject
Project("{FAE04EC0-301F-11D3-BF4B-00C04F79EFBC}") = "Migratory Birds", "Algorithms\Implementation\Migratory Birds\Migratory Birds.csproj", "{50881F49-D663-4B6F-A92B-32240769B231}"
EndProject
Project("{FAE04EC0-301F-11D3-BF4B-00C04F79EFBC}") = "Bon Appétit", "Algorithms\Implementation\Bon Appétit\Bon Appétit.csproj", "{B37DE792-9DEA-46B7-B380-78AE7547DDDC}"
EndProject
Project("{FAE04EC0-301F-11D3-BF4B-00C04F79EFBC}") = "Sock Merchant", "Algorithms\Implementation\Sock Merchant\Sock Merchant.csproj", "{09195B4D-3C19-4614-BBD8-77506A3FB0CA}"
EndProject
Project("{FAE04EC0-301F-11D3-BF4B-00C04F79EFBC}") = "Counting Valleys", "Algorithms\Implementation\Counting Valleys\Counting Valleys.csproj", "{99C131D2-CF68-415B-9D31-B8079E889D20}"
EndProject
Project("{FAE04EC0-301F-11D3-BF4B-00C04F79EFBC}") = "Electronics Shop", "Algorithms\Implementation\Electronics Shop\Electronics Shop.csproj", "{8A7924DA-8EF5-4A42-9E83-047C4273B379}"
EndProject
Project("{FAE04EC0-301F-11D3-BF4B-00C04F79EFBC}") = "Picking Numbers", "Algorithms\Implementation\Picking Numbers\Picking Numbers.csproj", "{F778F0D8-DF97-49F5-BE22-E3B4465A7BBE}"
EndProject
Project("{FAE04EC0-301F-11D3-BF4B-00C04F79EFBC}") = "Day of the Programmer", "Algorithms\Implementation\Day of the Programmer\Day of the Programmer.csproj", "{3410BBAB-7740-4056-A77B-2E5BA21BEB79}"
EndProject
Project("{FAE04EC0-301F-11D3-BF4B-00C04F79EFBC}") = "Drawing Book", "Algorithms\Implementation\Drawing Book\Drawing Book.csproj", "{47E68D6F-02E9-4A09-9078-1337EEF2758F}"
EndProject
Project("{FAE04EC0-301F-11D3-BF4B-00C04F79EFBC}") = "Cats and a Mouse", "Algorithms\Implementation\Cats and a Mouse\Cats and a Mouse.csproj", "{8D93E426-2788-4061-B433-D372121C0A81}"
EndProject
Project("{FAE04EC0-301F-11D3-BF4B-00C04F79EFBC}") = "Forming a Magic Square", "Algorithms\Implementation\Forming a Magic Square\Forming a Magic Square.csproj", "{F7830BBA-1E18-42F7-BA75-D408969AD504}"
EndProject
Project("{FAE04EC0-301F-11D3-BF4B-00C04F79EFBC}") = "The Hurdle Race", "Algorithms\Implementation\The Hurdle Race\The Hurdle Race.csproj", "{5A6F56C6-730F-449A-AE29-A3929A95D6A9}"
EndProject
Project("{FAE04EC0-301F-11D3-BF4B-00C04F79EFBC}") = "Designer PDF Viewer", "Algorithms\Implementation\Designer PDF Viewer\Designer PDF Viewer.csproj", "{8C18185F-B216-4A16-99BC-CA83952591AA}"
EndProject
Project("{FAE04EC0-301F-11D3-BF4B-00C04F79EFBC}") = "Utopian Tree", "Algorithms\Implementation\Utopian Tree\Utopian Tree.csproj", "{1D2581E1-B50E-4E62-9EBA-D1A194EFC9E8}"
EndProject
Project("{FAE04EC0-301F-11D3-BF4B-00C04F79EFBC}") = "Angry Professor", "Algorithms\Implementation\Angry Professor\Angry Professor.csproj", "{14B25458-D0A3-4F88-BD2A-EAD39847D440}"
EndProject
Project("{FAE04EC0-301F-11D3-BF4B-00C04F79EFBC}") = "Beautiful Days at the Movies", "Algorithms\Implementation\Beautiful Days at the Movies\Beautiful Days at the Movies.csproj", "{FEF1DFDE-83D2-423C-B232-0C2E329EFF97}"
EndProject
Project("{FAE04EC0-301F-11D3-BF4B-00C04F79EFBC}") = "Viral Advertising", "Algorithms\Implementation\Viral Advertising\Viral Advertising.csproj", "{6B572F20-496B-44BA-9828-E4615B36ECE3}"
EndProject
Project("{FAE04EC0-301F-11D3-BF4B-00C04F79EFBC}") = "Save the Prisoner!", "Algorithms\Implementation\Save the Prisoner!\Save the Prisoner!.csproj", "{C06338A6-898C-4ACD-859E-50AC21D893C4}"
EndProject
Project("{FAE04EC0-301F-11D3-BF4B-00C04F79EFBC}") = "Circular Array Rotation", "Algorithms\Implementation\Circular Array Rotation\Circular Array Rotation.csproj", "{1A77002C-DAA2-442C-BC6A-7DC23F4F5701}"
EndProject
Project("{FAE04EC0-301F-11D3-BF4B-00C04F79EFBC}") = "Jumping on the Clouds Revisited", "Algorithms\Implementation\Jumping on the Clouds Revisited\Jumping on the Clouds Revisited.csproj", "{1F54CB20-EE59-4F69-A730-0755BEEB690D}"
EndProject
Project("{FAE04EC0-301F-11D3-BF4B-00C04F79EFBC}") = "Find Digits", "Algorithms\Implementation\Find Digits\Find Digits.csproj", "{83925660-D35B-4604-A150-4370AF5FD2D2}"
EndProject
Project("{FAE04EC0-301F-11D3-BF4B-00C04F79EFBC}") = "Extra Long Factorials", "Algorithms\Implementation\Extra Long Factorials\Extra Long Factorials.csproj", "{A10CD284-504F-4CA8-AAD4-1B6BCACBF3A9}"
EndProject
Project("{FAE04EC0-301F-11D3-BF4B-00C04F79EFBC}") = "Append and Delete", "Algorithms\Implementation\Append and Delete\Append and Delete.csproj", "{00C26512-F01E-4911-AA20-BD7B0BFE09DF}"
EndProject
Project("{FAE04EC0-301F-11D3-BF4B-00C04F79EFBC}") = "Cut the sticks", "Algorithms\Implementation\Cut the sticks\Cut the sticks.csproj", "{ADCC3499-E2A4-4FBC-811C-E755762BC9C6}"
EndProject
Project("{FAE04EC0-301F-11D3-BF4B-00C04F79EFBC}") = "Repeated String", "Algorithms\Implementation\Repeated String\Repeated String.csproj", "{1925CEFF-F8E5-42C6-AEAF-C5B5DA062A77}"
EndProject
Project("{FAE04EC0-301F-11D3-BF4B-00C04F79EFBC}") = "Jumping on the Clouds", "Algorithms\Implementation\Jumping on the Clouds\Jumping on the Clouds.csproj", "{D50693BD-8E84-46B4-93C2-E65F5969AFD3}"
EndProject
Global
	GlobalSection(SolutionConfigurationPlatforms) = preSolution
		Debug|Any CPU = Debug|Any CPU
		Release|Any CPU = Release|Any CPU
	EndGlobalSection
	GlobalSection(ProjectConfigurationPlatforms) = postSolution
		{F2CFB98B-2945-4BC6-8D82-9B94682C5684}.Debug|Any CPU.ActiveCfg = Debug|Any CPU
		{F2CFB98B-2945-4BC6-8D82-9B94682C5684}.Debug|Any CPU.Build.0 = Debug|Any CPU
		{F2CFB98B-2945-4BC6-8D82-9B94682C5684}.Release|Any CPU.ActiveCfg = Release|Any CPU
		{F2CFB98B-2945-4BC6-8D82-9B94682C5684}.Release|Any CPU.Build.0 = Release|Any CPU
		{16950DBC-B532-4B3F-821A-6C846677DECA}.Debug|Any CPU.ActiveCfg = Debug|Any CPU
		{16950DBC-B532-4B3F-821A-6C846677DECA}.Debug|Any CPU.Build.0 = Debug|Any CPU
		{16950DBC-B532-4B3F-821A-6C846677DECA}.Release|Any CPU.ActiveCfg = Release|Any CPU
		{16950DBC-B532-4B3F-821A-6C846677DECA}.Release|Any CPU.Build.0 = Release|Any CPU
		{D81DB435-77EE-4CF6-B04C-E6C5D5E0F5E6}.Debug|Any CPU.ActiveCfg = Debug|Any CPU
		{D81DB435-77EE-4CF6-B04C-E6C5D5E0F5E6}.Debug|Any CPU.Build.0 = Debug|Any CPU
		{D81DB435-77EE-4CF6-B04C-E6C5D5E0F5E6}.Release|Any CPU.ActiveCfg = Release|Any CPU
		{D81DB435-77EE-4CF6-B04C-E6C5D5E0F5E6}.Release|Any CPU.Build.0 = Release|Any CPU
		{76841688-08F9-4AF9-B08A-88C5B9AB99E4}.Debug|Any CPU.ActiveCfg = Debug|Any CPU
		{76841688-08F9-4AF9-B08A-88C5B9AB99E4}.Debug|Any CPU.Build.0 = Debug|Any CPU
		{76841688-08F9-4AF9-B08A-88C5B9AB99E4}.Release|Any CPU.ActiveCfg = Release|Any CPU
		{76841688-08F9-4AF9-B08A-88C5B9AB99E4}.Release|Any CPU.Build.0 = Release|Any CPU
		{8A18D4C0-6C69-4D6E-A268-F944C1801784}.Debug|Any CPU.ActiveCfg = Debug|Any CPU
		{8A18D4C0-6C69-4D6E-A268-F944C1801784}.Debug|Any CPU.Build.0 = Debug|Any CPU
		{8A18D4C0-6C69-4D6E-A268-F944C1801784}.Release|Any CPU.ActiveCfg = Release|Any CPU
		{8A18D4C0-6C69-4D6E-A268-F944C1801784}.Release|Any CPU.Build.0 = Release|Any CPU
		{1C9DB26C-BA74-4A6F-8954-3E7D5324F8D2}.Debug|Any CPU.ActiveCfg = Debug|Any CPU
		{1C9DB26C-BA74-4A6F-8954-3E7D5324F8D2}.Debug|Any CPU.Build.0 = Debug|Any CPU
		{1C9DB26C-BA74-4A6F-8954-3E7D5324F8D2}.Release|Any CPU.ActiveCfg = Release|Any CPU
		{1C9DB26C-BA74-4A6F-8954-3E7D5324F8D2}.Release|Any CPU.Build.0 = Release|Any CPU
		{5560A7BD-8F97-48AC-9A7B-FB7978C9894E}.Debug|Any CPU.ActiveCfg = Debug|Any CPU
		{5560A7BD-8F97-48AC-9A7B-FB7978C9894E}.Debug|Any CPU.Build.0 = Debug|Any CPU
		{5560A7BD-8F97-48AC-9A7B-FB7978C9894E}.Release|Any CPU.ActiveCfg = Release|Any CPU
		{5560A7BD-8F97-48AC-9A7B-FB7978C9894E}.Release|Any CPU.Build.0 = Release|Any CPU
		{9C0BEA42-45A5-496B-AE5D-670120C97931}.Debug|Any CPU.ActiveCfg = Debug|Any CPU
		{9C0BEA42-45A5-496B-AE5D-670120C97931}.Debug|Any CPU.Build.0 = Debug|Any CPU
		{9C0BEA42-45A5-496B-AE5D-670120C97931}.Release|Any CPU.ActiveCfg = Release|Any CPU
		{9C0BEA42-45A5-496B-AE5D-670120C97931}.Release|Any CPU.Build.0 = Release|Any CPU
		{77ACDAA7-A87E-4FAB-B8B1-06803BD27A7E}.Debug|Any CPU.ActiveCfg = Debug|Any CPU
		{77ACDAA7-A87E-4FAB-B8B1-06803BD27A7E}.Debug|Any CPU.Build.0 = Debug|Any CPU
		{77ACDAA7-A87E-4FAB-B8B1-06803BD27A7E}.Release|Any CPU.ActiveCfg = Release|Any CPU
		{77ACDAA7-A87E-4FAB-B8B1-06803BD27A7E}.Release|Any CPU.Build.0 = Release|Any CPU
		{F172A264-1E74-4B1E-8EC6-68472F5A81FB}.Debug|Any CPU.ActiveCfg = Debug|Any CPU
		{F172A264-1E74-4B1E-8EC6-68472F5A81FB}.Debug|Any CPU.Build.0 = Debug|Any CPU
		{F172A264-1E74-4B1E-8EC6-68472F5A81FB}.Release|Any CPU.ActiveCfg = Release|Any CPU
		{F172A264-1E74-4B1E-8EC6-68472F5A81FB}.Release|Any CPU.Build.0 = Release|Any CPU
		{97B0D945-F41B-4EDB-837F-DE68742AD691}.Debug|Any CPU.ActiveCfg = Debug|Any CPU
		{97B0D945-F41B-4EDB-837F-DE68742AD691}.Debug|Any CPU.Build.0 = Debug|Any CPU
		{97B0D945-F41B-4EDB-837F-DE68742AD691}.Release|Any CPU.ActiveCfg = Release|Any CPU
		{97B0D945-F41B-4EDB-837F-DE68742AD691}.Release|Any CPU.Build.0 = Release|Any CPU
		{CC0F0EB6-DCFD-436B-AA9E-7C03AE85563B}.Debug|Any CPU.ActiveCfg = Debug|Any CPU
		{CC0F0EB6-DCFD-436B-AA9E-7C03AE85563B}.Debug|Any CPU.Build.0 = Debug|Any CPU
		{CC0F0EB6-DCFD-436B-AA9E-7C03AE85563B}.Release|Any CPU.ActiveCfg = Release|Any CPU
		{CC0F0EB6-DCFD-436B-AA9E-7C03AE85563B}.Release|Any CPU.Build.0 = Release|Any CPU
		{8FF44038-2028-47D4-AE52-35228BD24388}.Debug|Any CPU.ActiveCfg = Debug|Any CPU
		{8FF44038-2028-47D4-AE52-35228BD24388}.Debug|Any CPU.Build.0 = Debug|Any CPU
		{8FF44038-2028-47D4-AE52-35228BD24388}.Release|Any CPU.ActiveCfg = Release|Any CPU
		{8FF44038-2028-47D4-AE52-35228BD24388}.Release|Any CPU.Build.0 = Release|Any CPU
		{B8B489B4-48D3-4569-8611-C7CFC40CE5FF}.Debug|Any CPU.ActiveCfg = Debug|Any CPU
		{B8B489B4-48D3-4569-8611-C7CFC40CE5FF}.Debug|Any CPU.Build.0 = Debug|Any CPU
		{B8B489B4-48D3-4569-8611-C7CFC40CE5FF}.Release|Any CPU.ActiveCfg = Release|Any CPU
		{B8B489B4-48D3-4569-8611-C7CFC40CE5FF}.Release|Any CPU.Build.0 = Release|Any CPU
		{54A10859-0BA5-4FA1-839A-6FBAEFF04AAC}.Debug|Any CPU.ActiveCfg = Debug|Any CPU
		{54A10859-0BA5-4FA1-839A-6FBAEFF04AAC}.Debug|Any CPU.Build.0 = Debug|Any CPU
		{54A10859-0BA5-4FA1-839A-6FBAEFF04AAC}.Release|Any CPU.ActiveCfg = Release|Any CPU
		{54A10859-0BA5-4FA1-839A-6FBAEFF04AAC}.Release|Any CPU.Build.0 = Release|Any CPU
		{7D92AAD2-F4EA-4333-87C7-1362DE70D2B1}.Debug|Any CPU.ActiveCfg = Debug|Any CPU
		{7D92AAD2-F4EA-4333-87C7-1362DE70D2B1}.Debug|Any CPU.Build.0 = Debug|Any CPU
		{7D92AAD2-F4EA-4333-87C7-1362DE70D2B1}.Release|Any CPU.ActiveCfg = Release|Any CPU
		{7D92AAD2-F4EA-4333-87C7-1362DE70D2B1}.Release|Any CPU.Build.0 = Release|Any CPU
		{CA258646-56FB-4AF0-9D24-015D54D89666}.Debug|Any CPU.ActiveCfg = Debug|Any CPU
		{CA258646-56FB-4AF0-9D24-015D54D89666}.Debug|Any CPU.Build.0 = Debug|Any CPU
		{CA258646-56FB-4AF0-9D24-015D54D89666}.Release|Any CPU.ActiveCfg = Release|Any CPU
		{CA258646-56FB-4AF0-9D24-015D54D89666}.Release|Any CPU.Build.0 = Release|Any CPU
		{7A200275-9781-4A44-A276-747CC2E07BFA}.Debug|Any CPU.ActiveCfg = Debug|Any CPU
		{7A200275-9781-4A44-A276-747CC2E07BFA}.Debug|Any CPU.Build.0 = Debug|Any CPU
		{7A200275-9781-4A44-A276-747CC2E07BFA}.Release|Any CPU.ActiveCfg = Release|Any CPU
		{7A200275-9781-4A44-A276-747CC2E07BFA}.Release|Any CPU.Build.0 = Release|Any CPU
		{50881F49-D663-4B6F-A92B-32240769B231}.Debug|Any CPU.ActiveCfg = Debug|Any CPU
		{50881F49-D663-4B6F-A92B-32240769B231}.Debug|Any CPU.Build.0 = Debug|Any CPU
		{50881F49-D663-4B6F-A92B-32240769B231}.Release|Any CPU.ActiveCfg = Release|Any CPU
		{50881F49-D663-4B6F-A92B-32240769B231}.Release|Any CPU.Build.0 = Release|Any CPU
		{B37DE792-9DEA-46B7-B380-78AE7547DDDC}.Debug|Any CPU.ActiveCfg = Debug|Any CPU
		{B37DE792-9DEA-46B7-B380-78AE7547DDDC}.Debug|Any CPU.Build.0 = Debug|Any CPU
		{B37DE792-9DEA-46B7-B380-78AE7547DDDC}.Release|Any CPU.ActiveCfg = Release|Any CPU
		{B37DE792-9DEA-46B7-B380-78AE7547DDDC}.Release|Any CPU.Build.0 = Release|Any CPU
		{09195B4D-3C19-4614-BBD8-77506A3FB0CA}.Debug|Any CPU.ActiveCfg = Debug|Any CPU
		{09195B4D-3C19-4614-BBD8-77506A3FB0CA}.Debug|Any CPU.Build.0 = Debug|Any CPU
		{09195B4D-3C19-4614-BBD8-77506A3FB0CA}.Release|Any CPU.ActiveCfg = Release|Any CPU
		{09195B4D-3C19-4614-BBD8-77506A3FB0CA}.Release|Any CPU.Build.0 = Release|Any CPU
		{99C131D2-CF68-415B-9D31-B8079E889D20}.Debug|Any CPU.ActiveCfg = Debug|Any CPU
		{99C131D2-CF68-415B-9D31-B8079E889D20}.Debug|Any CPU.Build.0 = Debug|Any CPU
		{99C131D2-CF68-415B-9D31-B8079E889D20}.Release|Any CPU.ActiveCfg = Release|Any CPU
		{99C131D2-CF68-415B-9D31-B8079E889D20}.Release|Any CPU.Build.0 = Release|Any CPU
		{8A7924DA-8EF5-4A42-9E83-047C4273B379}.Debug|Any CPU.ActiveCfg = Debug|Any CPU
		{8A7924DA-8EF5-4A42-9E83-047C4273B379}.Debug|Any CPU.Build.0 = Debug|Any CPU
		{8A7924DA-8EF5-4A42-9E83-047C4273B379}.Release|Any CPU.ActiveCfg = Release|Any CPU
		{8A7924DA-8EF5-4A42-9E83-047C4273B379}.Release|Any CPU.Build.0 = Release|Any CPU
		{F778F0D8-DF97-49F5-BE22-E3B4465A7BBE}.Debug|Any CPU.ActiveCfg = Debug|Any CPU
		{F778F0D8-DF97-49F5-BE22-E3B4465A7BBE}.Debug|Any CPU.Build.0 = Debug|Any CPU
		{F778F0D8-DF97-49F5-BE22-E3B4465A7BBE}.Release|Any CPU.ActiveCfg = Release|Any CPU
		{F778F0D8-DF97-49F5-BE22-E3B4465A7BBE}.Release|Any CPU.Build.0 = Release|Any CPU
		{3410BBAB-7740-4056-A77B-2E5BA21BEB79}.Debug|Any CPU.ActiveCfg = Debug|Any CPU
		{3410BBAB-7740-4056-A77B-2E5BA21BEB79}.Debug|Any CPU.Build.0 = Debug|Any CPU
		{3410BBAB-7740-4056-A77B-2E5BA21BEB79}.Release|Any CPU.ActiveCfg = Release|Any CPU
		{3410BBAB-7740-4056-A77B-2E5BA21BEB79}.Release|Any CPU.Build.0 = Release|Any CPU
		{47E68D6F-02E9-4A09-9078-1337EEF2758F}.Debug|Any CPU.ActiveCfg = Debug|Any CPU
		{47E68D6F-02E9-4A09-9078-1337EEF2758F}.Debug|Any CPU.Build.0 = Debug|Any CPU
		{47E68D6F-02E9-4A09-9078-1337EEF2758F}.Release|Any CPU.ActiveCfg = Release|Any CPU
		{47E68D6F-02E9-4A09-9078-1337EEF2758F}.Release|Any CPU.Build.0 = Release|Any CPU
		{8D93E426-2788-4061-B433-D372121C0A81}.Debug|Any CPU.ActiveCfg = Debug|Any CPU
		{8D93E426-2788-4061-B433-D372121C0A81}.Debug|Any CPU.Build.0 = Debug|Any CPU
		{8D93E426-2788-4061-B433-D372121C0A81}.Release|Any CPU.ActiveCfg = Release|Any CPU
		{8D93E426-2788-4061-B433-D372121C0A81}.Release|Any CPU.Build.0 = Release|Any CPU
		{F7830BBA-1E18-42F7-BA75-D408969AD504}.Debug|Any CPU.ActiveCfg = Debug|Any CPU
		{F7830BBA-1E18-42F7-BA75-D408969AD504}.Debug|Any CPU.Build.0 = Debug|Any CPU
		{F7830BBA-1E18-42F7-BA75-D408969AD504}.Release|Any CPU.ActiveCfg = Release|Any CPU
		{F7830BBA-1E18-42F7-BA75-D408969AD504}.Release|Any CPU.Build.0 = Release|Any CPU
		{5A6F56C6-730F-449A-AE29-A3929A95D6A9}.Debug|Any CPU.ActiveCfg = Debug|Any CPU
		{5A6F56C6-730F-449A-AE29-A3929A95D6A9}.Debug|Any CPU.Build.0 = Debug|Any CPU
		{5A6F56C6-730F-449A-AE29-A3929A95D6A9}.Release|Any CPU.ActiveCfg = Release|Any CPU
		{5A6F56C6-730F-449A-AE29-A3929A95D6A9}.Release|Any CPU.Build.0 = Release|Any CPU
		{8C18185F-B216-4A16-99BC-CA83952591AA}.Debug|Any CPU.ActiveCfg = Debug|Any CPU
		{8C18185F-B216-4A16-99BC-CA83952591AA}.Debug|Any CPU.Build.0 = Debug|Any CPU
		{8C18185F-B216-4A16-99BC-CA83952591AA}.Release|Any CPU.ActiveCfg = Release|Any CPU
		{8C18185F-B216-4A16-99BC-CA83952591AA}.Release|Any CPU.Build.0 = Release|Any CPU
		{1D2581E1-B50E-4E62-9EBA-D1A194EFC9E8}.Debug|Any CPU.ActiveCfg = Debug|Any CPU
		{1D2581E1-B50E-4E62-9EBA-D1A194EFC9E8}.Debug|Any CPU.Build.0 = Debug|Any CPU
		{1D2581E1-B50E-4E62-9EBA-D1A194EFC9E8}.Release|Any CPU.ActiveCfg = Release|Any CPU
		{1D2581E1-B50E-4E62-9EBA-D1A194EFC9E8}.Release|Any CPU.Build.0 = Release|Any CPU
		{14B25458-D0A3-4F88-BD2A-EAD39847D440}.Debug|Any CPU.ActiveCfg = Debug|Any CPU
		{14B25458-D0A3-4F88-BD2A-EAD39847D440}.Debug|Any CPU.Build.0 = Debug|Any CPU
		{14B25458-D0A3-4F88-BD2A-EAD39847D440}.Release|Any CPU.ActiveCfg = Release|Any CPU
		{14B25458-D0A3-4F88-BD2A-EAD39847D440}.Release|Any CPU.Build.0 = Release|Any CPU
		{FEF1DFDE-83D2-423C-B232-0C2E329EFF97}.Debug|Any CPU.ActiveCfg = Debug|Any CPU
		{FEF1DFDE-83D2-423C-B232-0C2E329EFF97}.Debug|Any CPU.Build.0 = Debug|Any CPU
		{FEF1DFDE-83D2-423C-B232-0C2E329EFF97}.Release|Any CPU.ActiveCfg = Release|Any CPU
		{FEF1DFDE-83D2-423C-B232-0C2E329EFF97}.Release|Any CPU.Build.0 = Release|Any CPU
		{6B572F20-496B-44BA-9828-E4615B36ECE3}.Debug|Any CPU.ActiveCfg = Debug|Any CPU
		{6B572F20-496B-44BA-9828-E4615B36ECE3}.Debug|Any CPU.Build.0 = Debug|Any CPU
		{6B572F20-496B-44BA-9828-E4615B36ECE3}.Release|Any CPU.ActiveCfg = Release|Any CPU
		{6B572F20-496B-44BA-9828-E4615B36ECE3}.Release|Any CPU.Build.0 = Release|Any CPU
		{C06338A6-898C-4ACD-859E-50AC21D893C4}.Debug|Any CPU.ActiveCfg = Debug|Any CPU
		{C06338A6-898C-4ACD-859E-50AC21D893C4}.Debug|Any CPU.Build.0 = Debug|Any CPU
		{C06338A6-898C-4ACD-859E-50AC21D893C4}.Release|Any CPU.ActiveCfg = Release|Any CPU
		{C06338A6-898C-4ACD-859E-50AC21D893C4}.Release|Any CPU.Build.0 = Release|Any CPU
		{1A77002C-DAA2-442C-BC6A-7DC23F4F5701}.Debug|Any CPU.ActiveCfg = Debug|Any CPU
		{1A77002C-DAA2-442C-BC6A-7DC23F4F5701}.Debug|Any CPU.Build.0 = Debug|Any CPU
		{1A77002C-DAA2-442C-BC6A-7DC23F4F5701}.Release|Any CPU.ActiveCfg = Release|Any CPU
		{1A77002C-DAA2-442C-BC6A-7DC23F4F5701}.Release|Any CPU.Build.0 = Release|Any CPU
		{1F54CB20-EE59-4F69-A730-0755BEEB690D}.Debug|Any CPU.ActiveCfg = Debug|Any CPU
		{1F54CB20-EE59-4F69-A730-0755BEEB690D}.Debug|Any CPU.Build.0 = Debug|Any CPU
		{1F54CB20-EE59-4F69-A730-0755BEEB690D}.Release|Any CPU.ActiveCfg = Release|Any CPU
		{1F54CB20-EE59-4F69-A730-0755BEEB690D}.Release|Any CPU.Build.0 = Release|Any CPU
		{83925660-D35B-4604-A150-4370AF5FD2D2}.Debug|Any CPU.ActiveCfg = Debug|Any CPU
		{83925660-D35B-4604-A150-4370AF5FD2D2}.Debug|Any CPU.Build.0 = Debug|Any CPU
		{83925660-D35B-4604-A150-4370AF5FD2D2}.Release|Any CPU.ActiveCfg = Release|Any CPU
		{83925660-D35B-4604-A150-4370AF5FD2D2}.Release|Any CPU.Build.0 = Release|Any CPU
		{A10CD284-504F-4CA8-AAD4-1B6BCACBF3A9}.Debug|Any CPU.ActiveCfg = Debug|Any CPU
		{A10CD284-504F-4CA8-AAD4-1B6BCACBF3A9}.Debug|Any CPU.Build.0 = Debug|Any CPU
		{A10CD284-504F-4CA8-AAD4-1B6BCACBF3A9}.Release|Any CPU.ActiveCfg = Release|Any CPU
		{A10CD284-504F-4CA8-AAD4-1B6BCACBF3A9}.Release|Any CPU.Build.0 = Release|Any CPU
		{00C26512-F01E-4911-AA20-BD7B0BFE09DF}.Debug|Any CPU.ActiveCfg = Debug|Any CPU
		{00C26512-F01E-4911-AA20-BD7B0BFE09DF}.Debug|Any CPU.Build.0 = Debug|Any CPU
		{00C26512-F01E-4911-AA20-BD7B0BFE09DF}.Release|Any CPU.ActiveCfg = Release|Any CPU
		{00C26512-F01E-4911-AA20-BD7B0BFE09DF}.Release|Any CPU.Build.0 = Release|Any CPU
		{ADCC3499-E2A4-4FBC-811C-E755762BC9C6}.Debug|Any CPU.ActiveCfg = Debug|Any CPU
		{ADCC3499-E2A4-4FBC-811C-E755762BC9C6}.Debug|Any CPU.Build.0 = Debug|Any CPU
		{ADCC3499-E2A4-4FBC-811C-E755762BC9C6}.Release|Any CPU.ActiveCfg = Release|Any CPU
		{ADCC3499-E2A4-4FBC-811C-E755762BC9C6}.Release|Any CPU.Build.0 = Release|Any CPU
		{1925CEFF-F8E5-42C6-AEAF-C5B5DA062A77}.Debug|Any CPU.ActiveCfg = Debug|Any CPU
		{1925CEFF-F8E5-42C6-AEAF-C5B5DA062A77}.Debug|Any CPU.Build.0 = Debug|Any CPU
		{1925CEFF-F8E5-42C6-AEAF-C5B5DA062A77}.Release|Any CPU.ActiveCfg = Release|Any CPU
		{1925CEFF-F8E5-42C6-AEAF-C5B5DA062A77}.Release|Any CPU.Build.0 = Release|Any CPU
		{D50693BD-8E84-46B4-93C2-E65F5969AFD3}.Debug|Any CPU.ActiveCfg = Debug|Any CPU
		{D50693BD-8E84-46B4-93C2-E65F5969AFD3}.Debug|Any CPU.Build.0 = Debug|Any CPU
		{D50693BD-8E84-46B4-93C2-E65F5969AFD3}.Release|Any CPU.ActiveCfg = Release|Any CPU
		{D50693BD-8E84-46B4-93C2-E65F5969AFD3}.Release|Any CPU.Build.0 = Release|Any CPU
	EndGlobalSection
	GlobalSection(SolutionProperties) = preSolution
		HideSolutionNode = FALSE
	EndGlobalSection
	GlobalSection(NestedProjects) = preSolution
		{F8C21140-AAEB-4B93-863D-50F2A66846DB} = {28B84351-4DCB-42B3-B86D-9D6AC2E11E8A}
		{16950DBC-B532-4B3F-821A-6C846677DECA} = {F8C21140-AAEB-4B93-863D-50F2A66846DB}
		{D81DB435-77EE-4CF6-B04C-E6C5D5E0F5E6} = {F8C21140-AAEB-4B93-863D-50F2A66846DB}
		{76841688-08F9-4AF9-B08A-88C5B9AB99E4} = {F8C21140-AAEB-4B93-863D-50F2A66846DB}
		{8A18D4C0-6C69-4D6E-A268-F944C1801784} = {F8C21140-AAEB-4B93-863D-50F2A66846DB}
		{1C9DB26C-BA74-4A6F-8954-3E7D5324F8D2} = {F8C21140-AAEB-4B93-863D-50F2A66846DB}
		{5560A7BD-8F97-48AC-9A7B-FB7978C9894E} = {F8C21140-AAEB-4B93-863D-50F2A66846DB}
		{9C0BEA42-45A5-496B-AE5D-670120C97931} = {F8C21140-AAEB-4B93-863D-50F2A66846DB}
		{77ACDAA7-A87E-4FAB-B8B1-06803BD27A7E} = {F8C21140-AAEB-4B93-863D-50F2A66846DB}
		{F172A264-1E74-4B1E-8EC6-68472F5A81FB} = {F8C21140-AAEB-4B93-863D-50F2A66846DB}
		{97B0D945-F41B-4EDB-837F-DE68742AD691} = {F8C21140-AAEB-4B93-863D-50F2A66846DB}
		{06758824-2713-46F7-A3E4-71D9CCDBCD03} = {28B84351-4DCB-42B3-B86D-9D6AC2E11E8A}
		{CC0F0EB6-DCFD-436B-AA9E-7C03AE85563B} = {06758824-2713-46F7-A3E4-71D9CCDBCD03}
		{8FF44038-2028-47D4-AE52-35228BD24388} = {06758824-2713-46F7-A3E4-71D9CCDBCD03}
		{B8B489B4-48D3-4569-8611-C7CFC40CE5FF} = {06758824-2713-46F7-A3E4-71D9CCDBCD03}
		{54A10859-0BA5-4FA1-839A-6FBAEFF04AAC} = {06758824-2713-46F7-A3E4-71D9CCDBCD03}
		{7D92AAD2-F4EA-4333-87C7-1362DE70D2B1} = {06758824-2713-46F7-A3E4-71D9CCDBCD03}
		{CA258646-56FB-4AF0-9D24-015D54D89666} = {06758824-2713-46F7-A3E4-71D9CCDBCD03}
		{7A200275-9781-4A44-A276-747CC2E07BFA} = {06758824-2713-46F7-A3E4-71D9CCDBCD03}
		{50881F49-D663-4B6F-A92B-32240769B231} = {06758824-2713-46F7-A3E4-71D9CCDBCD03}
		{B37DE792-9DEA-46B7-B380-78AE7547DDDC} = {06758824-2713-46F7-A3E4-71D9CCDBCD03}
		{09195B4D-3C19-4614-BBD8-77506A3FB0CA} = {06758824-2713-46F7-A3E4-71D9CCDBCD03}
		{99C131D2-CF68-415B-9D31-B8079E889D20} = {06758824-2713-46F7-A3E4-71D9CCDBCD03}
		{8A7924DA-8EF5-4A42-9E83-047C4273B379} = {06758824-2713-46F7-A3E4-71D9CCDBCD03}
		{F778F0D8-DF97-49F5-BE22-E3B4465A7BBE} = {06758824-2713-46F7-A3E4-71D9CCDBCD03}
		{3410BBAB-7740-4056-A77B-2E5BA21BEB79} = {06758824-2713-46F7-A3E4-71D9CCDBCD03}
		{47E68D6F-02E9-4A09-9078-1337EEF2758F} = {06758824-2713-46F7-A3E4-71D9CCDBCD03}
		{8D93E426-2788-4061-B433-D372121C0A81} = {06758824-2713-46F7-A3E4-71D9CCDBCD03}
		{F7830BBA-1E18-42F7-BA75-D408969AD504} = {06758824-2713-46F7-A3E4-71D9CCDBCD03}
		{5A6F56C6-730F-449A-AE29-A3929A95D6A9} = {06758824-2713-46F7-A3E4-71D9CCDBCD03}
		{8C18185F-B216-4A16-99BC-CA83952591AA} = {06758824-2713-46F7-A3E4-71D9CCDBCD03}
		{1D2581E1-B50E-4E62-9EBA-D1A194EFC9E8} = {06758824-2713-46F7-A3E4-71D9CCDBCD03}
		{14B25458-D0A3-4F88-BD2A-EAD39847D440} = {06758824-2713-46F7-A3E4-71D9CCDBCD03}
		{FEF1DFDE-83D2-423C-B232-0C2E329EFF97} = {06758824-2713-46F7-A3E4-71D9CCDBCD03}
		{6B572F20-496B-44BA-9828-E4615B36ECE3} = {06758824-2713-46F7-A3E4-71D9CCDBCD03}
		{C06338A6-898C-4ACD-859E-50AC21D893C4} = {06758824-2713-46F7-A3E4-71D9CCDBCD03}
		{1A77002C-DAA2-442C-BC6A-7DC23F4F5701} = {06758824-2713-46F7-A3E4-71D9CCDBCD03}
		{1F54CB20-EE59-4F69-A730-0755BEEB690D} = {06758824-2713-46F7-A3E4-71D9CCDBCD03}
		{83925660-D35B-4604-A150-4370AF5FD2D2} = {06758824-2713-46F7-A3E4-71D9CCDBCD03}
		{A10CD284-504F-4CA8-AAD4-1B6BCACBF3A9} = {06758824-2713-46F7-A3E4-71D9CCDBCD03}
		{00C26512-F01E-4911-AA20-BD7B0BFE09DF} = {06758824-2713-46F7-A3E4-71D9CCDBCD03}
		{ADCC3499-E2A4-4FBC-811C-E755762BC9C6} = {06758824-2713-46F7-A3E4-71D9CCDBCD03}
		{1925CEFF-F8E5-42C6-AEAF-C5B5DA062A77} = {06758824-2713-46F7-A3E4-71D9CCDBCD03}
		{D50693BD-8E84-46B4-93C2-E65F5969AFD3} = {06758824-2713-46F7-A3E4-71D9CCDBCD03}
	EndGlobalSection
	GlobalSection(ExtensibilityGlobals) = postSolution
		SolutionGuid = {376677B0-75B3-4A3A-9508-5B203F88D71C}
	EndGlobalSection
EndGlobal
